Microsoft Visual Studio Solution File, Format Version 11.00
# Visual Studio 2008

Project("{DAB496DB-0893-15C7-B5F3-47D26EB7EA3C}") = "QuadX", "Assembly-CSharp.csproj", "{F5220A73-ACA4-202A-593A-8A70898725D7}"
EndProject
Global
	GlobalSection(SolutionConfigurationPlatforms) = preSolution
		Debug|Any CPU = Debug|Any CPU
		Release|Any CPU = Release|Any CPU
	EndGlobalSection
	GlobalSection(ProjectConfigurationPlatforms) = postSolution
		{F5220A73-ACA4-202A-593A-8A70898725D7}.Debug|Any CPU.ActiveCfg = Debug|Any CPU
		{F5220A73-ACA4-202A-593A-8A70898725D7}.Debug|Any CPU.Build.0 = Debug|Any CPU
		{F5220A73-ACA4-202A-593A-8A70898725D7}.Release|Any CPU.ActiveCfg = Release|Any CPU
		{F5220A73-ACA4-202A-593A-8A70898725D7}.Release|Any CPU.Build.0 = Release|Any CPU
	EndGlobalSection
	GlobalSection(SolutionProperties) = preSolution
		HideSolutionNode = FALSE
	EndGlobalSection
	GlobalSection(MonoDevelopProperties) = preSolution
		StartupItem = Assembly-CSharp.csproj
	EndGlobalSection
EndGlobal
